
Microsoft Visual Studio Solution File, Format Version 12.00
# Visual Studio Version 17
VisualStudioVersion = 17.7.34031.279
MinimumVisualStudioVersion = 10.0.40219.1
Project("{FAE04EC0-301F-11D3-BF4B-00C04F79EFBC}") = "Cajero Automático", "Cajero Automático\Cajero Automático.csproj", "{45238EC0-F740-491C-92ED-4ADFC222DFDD}"
EndProject
Global
	GlobalSection(SolutionConfigurationPlatforms) = preSolution
		Debug|Any CPU = Debug|Any CPU
		Release|Any CPU = Release|Any CPU
	EndGlobalSection
	GlobalSection(ProjectConfigurationPlatforms) = postSolution
		{45238EC0-F740-491C-92ED-4ADFC222DFDD}.Debug|Any CPU.ActiveCfg = Debug|Any CPU
		{45238EC0-F740-491C-92ED-4ADFC222DFDD}.Debug|Any CPU.Build.0 = Debug|Any CPU
		{45238EC0-F740-491C-92ED-4ADFC222DFDD}.Release|Any CPU.ActiveCfg = Release|Any CPU
		{45238EC0-F740-491C-92ED-4ADFC222DFDD}.Release|Any CPU.Build.0 = Release|Any CPU
	EndGlobalSection
	GlobalSection(SolutionProperties) = preSolution
		HideSolutionNode = FALSE
	EndGlobalSection
	GlobalSection(ExtensibilityGlobals) = postSolution
		SolutionGuid = {1891A750-FB77-4652-B5CD-6C725AEDC756}
	EndGlobalSection
EndGlobal
